
Microsoft Visual Studio Solution File, Format Version 11.00
# Visual Studio 2010
Project("{F184B08F-C81C-45F6-A57F-5ABD9991F28F}") = "学生管理系统", "学生管理系统\学生管理系统.vbproj", "{AC59405B-3DEF-4E9E-9CBB-0802B1B03CB9}"
EndProject
Global
	GlobalSection(SolutionConfigurationPlatforms) = preSolution
		Debug|x86 = Debug|x86
		Release|x86 = Release|x86
	EndGlobalSection
	GlobalSection(ProjectConfigurationPlatforms) = postSolution
		{AC59405B-3DEF-4E9E-9CBB-0802B1B03CB9}.Debug|x86.ActiveCfg = Debug|x86
		{AC59405B-3DEF-4E9E-9CBB-0802B1B03CB9}.Debug|x86.Build.0 = Debug|x86
		{AC59405B-3DEF-4E9E-9CBB-0802B1B03CB9}.Release|x86.ActiveCfg = Release|x86
		{AC59405B-3DEF-4E9E-9CBB-0802B1B03CB9}.Release|x86.Build.0 = Release|x86
	EndGlobalSection
	GlobalSection(SolutionProperties) = preSolution
		HideSolutionNode = FALSE
	EndGlobalSection
EndGlobal
